// !$*UTF8*$!
{
	archiveVersion = 1;
	objectVersion = 56;
	objects = {

/* ── FILE REFERENCES ───────────────────── */
A1 = {isa = PBXFileReference; path = YourApp.app; sourceTree = BUILT_PRODUCTS_DIR; explicitFileType = wrapper.application; };
A2 = {isa = PBXFileReference; path = AppDelegate.m; sourceTree = "<group>"; lastKnownFileType = sourcecode.c.objc; };
A3 = {isa = PBXFileReference; path = AppDelegate.h; sourceTree = "<group>"; lastKnownFileType = sourcecode.c.h; };
A4 = {isa = PBXFileReference; path = ViewController.m; sourceTree = "<group>"; lastKnownFileType = sourcecode.c.objc; };
A5 = {isa = PBXFileReference; path = ViewController.h; sourceTree = "<group>"; lastKnownFileType = sourcecode.c.h; };
A6 = {isa = PBXFileReference; path = main.m; sourceTree = "<group>"; lastKnownFileType = sourcecode.c.objc; };
A7 = {isa = PBXFileReference; path = Info.plist; sourceTree = "<group>"; lastKnownFileType = text.plist.xml; };
A8 = {isa = PBXFileReference; name = WebKit.framework; path = System/Library/Frameworks/WebKit.framework; sourceTree = SDKROOT; lastKnownFileType = wrapper.framework; };

/* ── BUILD FILES ───────────────────────── */
B1 = {isa = PBXBuildFile; fileRef = A2; };
B2 = {isa = PBXBuildFile; fileRef = A4; };
B3 = {isa = PBXBuildFile; fileRef = A6; };
B4 = {isa = PBXBuildFile; fileRef = A8; };

/* ── GROUPS ───────────────────────────── */
G1 = {
	isa = PBXGroup;
	children = (G2, G3);
	sourceTree = "<group>";
};

G2 = {
	isa = PBXGroup;
	path = YourApp;
	children = (A2, A3, A4, A5, A6, A7);
	sourceTree = "<group>";
};

G3 = {
	isa = PBXGroup;
	name = Products;
	children = (A1);
	sourceTree = "<group>";
};

/* ── BUILD PHASES ─────────────────────── */
P1 = {
	isa = PBXSourcesBuildPhase;
	files = (B1, B2, B3);
};

P2 = {
	isa = PBXFrameworksBuildPhase;
	files = (B4);
};

P3 = {
	isa = PBXResourcesBuildPhase;
	files = ();
};

/* ── TARGET ───────────────────────────── */
T1 = {
	isa = PBXNativeTarget;
	name = YourApp;
	productName = YourApp;
	productReference = A1;
	productType = "com.apple.product-type.application";
	buildPhases = (P1, P2, P3);
	buildConfigurationList = C2;
};

/* ── PROJECT ─────────────────────────── */
PR1 = {
	isa = PBXProject;
	targets = (T1);
	mainGroup = G1;
	productRefGroup = G3;
	buildConfigurationList = C1;
	compatibilityVersion = "Xcode 14.0";
};

/* ── BUILD SETTINGS ───────────────────── */
C3 = {
	isa = XCBuildConfiguration;
	name = Release;
	buildSettings = {
		PRODUCT_NAME = YourApp;
		INFOPLIST_FILE = YourApp/Info.plist;
		IPHONEOS_DEPLOYMENT_TARGET = 16.0;
		CODE_SIGN_STYLE = Manual;
		SDKROOT = iphoneos;
		TARGETED_DEVICE_FAMILY = 1;
PRODUCT_BUNDLE_IDENTIFIER = com.eden00.testapp;
	};
};

C1 = {
	isa = XCConfigurationList;
	buildConfigurations = (C3);
	defaultConfigurationName = Release;
};

C2 = {
	isa = XCConfigurationList;
	buildConfigurations = (C3);
	defaultConfigurationName = Release;
};

	};
	rootObject = PR1;
}
